// !$*UTF8*$!
{
	archiveVersion = 1;
	classes = {
	};
	objectVersion = 50;
	objects = {

/* Begin PBXBuildFile section */
		912358CB240FA95500E93D4F /* AppDelegate.swift in Sources */ = {isa = PBXBuildFile; fileRef = 912358CA240FA95500E93D4F /* AppDelegate.swift */; };
		912358CD240FA95500E93D4F /* SceneDelegate.swift in Sources */ = {isa = PBXBuildFile; fileRef = 912358CC240FA95500E93D4F /* SceneDelegate.swift */; };
		912358CF240FA95500E93D4F /* ContentView.swift in Sources */ = {isa = PBXBuildFile; fileRef = 912358CE240FA95500E93D4F /* ContentView.swift */; };
		912358D1240FA95B00E93D4F /* Assets.xcassets in Resources */ = {isa = PBXBuildFile; fileRef = 912358D0240FA95B00E93D4F /* Assets.xcassets */; };
		912358D4240FA95B00E93D4F /* Preview Assets.xcassets in Resources */ = {isa = PBXBuildFile; fileRef = 912358D3240FA95B00E93D4F /* Preview Assets.xcassets */; };
		912358D7240FA95B00E93D4F /* LaunchScreen.storyboard in Resources */ = {isa = PBXBuildFile; fileRef = 912358D5240FA95B00E93D4F /* LaunchScreen.storyboard */; };
		912358E1240FB46A00E93D4F /* Data.swift in Sources */ = {isa = PBXBuildFile; fileRef = 912358E0240FB46A00E93D4F /* Data.swift */; };
		912358E3240FB51600E93D4F /* Room.swift in Sources */ = {isa = PBXBuildFile; fileRef = 912358E2240FB51600E93D4F /* Room.swift */; };
		912358E5240FB8EE00E93D4F /* AboudCode.md in Sources */ = {isa = PBXBuildFile; fileRef = 912358E4240FB8EE00E93D4F /* AboudCode.md */; };
		912358EB240FC31C00E93D4F /* RoomItem.swift in Sources */ = {isa = PBXBuildFile; fileRef = 912358EA240FC31C00E93D4F /* RoomItem.swift */; };
		9194E227240FCEA100263783 /* rooms.json in Resources */ = {isa = PBXBuildFile; fileRef = 9194E226240FCEA100263783 /* rooms.json */; };
		9194E22D2410802A00263783 /* RoomRow.swift in Sources */ = {isa = PBXBuildFile; fileRef = 9194E22C2410802A00263783 /* RoomRow.swift */; };
		9194E22F24110F3200263783 /* RoomDetail.swift in Sources */ = {isa = PBXBuildFile; fileRef = 9194E22E24110F3200263783 /* RoomDetail.swift */; };
/* End PBXBuildFile section */

/* Begin PBXFileReference section */
		912358C7240FA95500E93D4F /* SwiftUI Harry Potter Info.app */ = {isa = PBXFileReference; explicitFileType = wrapper.application; includeInIndex = 0; path = "SwiftUI Harry Potter Info.app"; sourceTree = BUILT_PRODUCTS_DIR; };
		912358CA240FA95500E93D4F /* AppDelegate.swift */ = {isa = PBXFileReference; lastKnownFileType = sourcecode.swift; path = AppDelegate.swift; sourceTree = "<group>"; };
		912358CC240FA95500E93D4F /* SceneDelegate.swift */ = {isa = PBXFileReference; lastKnownFileType = sourcecode.swift; path = SceneDelegate.swift; sourceTree = "<group>"; };
		912358CE240FA95500E93D4F /* ContentView.swift */ = {isa = PBXFileReference; lastKnownFileType = sourcecode.swift; path = ContentView.swift; sourceTree = "<group>"; };
		912358D0240FA95B00E93D4F /* Assets.xcassets */ = {isa = PBXFileReference; lastKnownFileType = folder.assetcatalog; path = Assets.xcassets; sourceTree = "<group>"; };
		912358D3240FA95B00E93D4F /* Preview Assets.xcassets */ = {isa = PBXFileReference; lastKnownFileType = folder.assetcatalog; path = "Preview Assets.xcassets"; sourceTree = "<group>"; };
		912358D6240FA95B00E93D4F /* Base */ = {isa = PBXFileReference; lastKnownFileType = file.storyboard; name = Base; path = Base.lproj/LaunchScreen.storyboard; sourceTree = "<group>"; };
		912358D8240FA95B00E93D4F /* Info.plist */ = {isa = PBXFileReference; lastKnownFileType = text.plist.xml; path = Info.plist; sourceTree = "<group>"; };
		912358E0240FB46A00E93D4F /* Data.swift */ = {isa = PBXFileReference; lastKnownFileType = sourcecode.swift; path = Data.swift; sourceTree = "<group>"; };
		912358E2240FB51600E93D4F /* Room.swift */ = {isa = PBXFileReference; lastKnownFileType = sourcecode.swift; path = Room.swift; sourceTree = "<group>"; };
		912358E4240FB8EE00E93D4F /* AboudCode.md */ = {isa = PBXFileReference; lastKnownFileType = net.daringfireball.markdown; path = AboudCode.md; sourceTree = "<group>"; };
		912358EA240FC31C00E93D4F /* RoomItem.swift */ = {isa = PBXFileReference; lastKnownFileType = sourcecode.swift; path = RoomItem.swift; sourceTree = "<group>"; };
		9194E226240FCEA100263783 /* rooms.json */ = {isa = PBXFileReference; lastKnownFileType = text.json; path = rooms.json; sourceTree = "<group>"; xcLanguageSpecificationIdentifier = xcode.lang.json; };
		9194E22C2410802A00263783 /* RoomRow.swift */ = {isa = PBXFileReference; lastKnownFileType = sourcecode.swift; path = RoomRow.swift; sourceTree = "<group>"; };
		9194E22E24110F3200263783 /* RoomDetail.swift */ = {isa = PBXFileReference; lastKnownFileType = sourcecode.swift; path = RoomDetail.swift; sourceTree = "<group>"; };
/* End PBXFileReference section */

/* Begin PBXFrameworksBuildPhase section */
		912358C4240FA95500E93D4F /* Frameworks */ = {
			isa = PBXFrameworksBuildPhase;
			buildActionMask = 2147483647;
			files = (
			);
			runOnlyForDeploymentPostprocessing = 0;
		};
/* End PBXFrameworksBuildPhase section */

/* Begin PBXGroup section */
		912358BE240FA95500E93D4F = {
			isa = PBXGroup;
			children = (
				912358C9240FA95500E93D4F /* SwiftUI Harry Potter Info */,
				912358C8240FA95500E93D4F /* Products */,
			);
			sourceTree = "<group>";
		};
		912358C8240FA95500E93D4F /* Products */ = {
			isa = PBXGroup;
			children = (
				912358C7240FA95500E93D4F /* SwiftUI Harry Potter Info.app */,
			);
			name = Products;
			sourceTree = "<group>";
		};
		912358C9240FA95500E93D4F /* SwiftUI Harry Potter Info */ = {
			isa = PBXGroup;
			children = (
				912358CA240FA95500E93D4F /* AppDelegate.swift */,
				912358CC240FA95500E93D4F /* SceneDelegate.swift */,
				912358CE240FA95500E93D4F /* ContentView.swift */,
				9194E22E24110F3200263783 /* RoomDetail.swift */,
				9194E22C2410802A00263783 /* RoomRow.swift */,
				912358D0240FA95B00E93D4F /* Assets.xcassets */,
				912358D5240FA95B00E93D4F /* LaunchScreen.storyboard */,
				912358D8240FA95B00E93D4F /* Info.plist */,
				912358E0240FB46A00E93D4F /* Data.swift */,
				912358E2240FB51600E93D4F /* Room.swift */,
				912358EA240FC31C00E93D4F /* RoomItem.swift */,
				912358D2240FA95B00E93D4F /* Preview Content */,
				912358E4240FB8EE00E93D4F /* AboudCode.md */,
				9194E226240FCEA100263783 /* rooms.json */,
			);
			path = "SwiftUI Harry Potter Info";
			sourceTree = "<group>";
		};
		912358D2240FA95B00E93D4F /* Preview Content */ = {
			isa = PBXGroup;
			children = (
				912358D3240FA95B00E93D4F /* Preview Assets.xcassets */,
			);
			path = "Preview Content";
			sourceTree = "<group>";
		};
/* End PBXGroup section */

/* Begin PBXNativeTarget section */
		912358C6240FA95500E93D4F /* SwiftUI Harry Potter Info */ = {
			isa = PBXNativeTarget;
			buildConfigurationList = 912358DB240FA95B00E93D4F /* Build configuration list for PBXNativeTarget "SwiftUI Harry Potter Info" */;
			buildPhases = (
				912358C3240FA95500E93D4F /* Sources */,
				912358C4240FA95500E93D4F /* Frameworks */,
				912358C5240FA95500E93D4F /* Resources */,
			);
			buildRules = (
			);
			dependencies = (
			);
			name = "SwiftUI Harry Potter Info";
			productName = "SwiftUI Harry Potter Info";
			productReference = 912358C7240FA95500E93D4F /* SwiftUI Harry Potter Info.app */;
			productType = "com.apple.product-type.application";
		};
/* End PBXNativeTarget section */

/* Begin PBXProject section */
		912358BF240FA95500E93D4F /* Project object */ = {
			isa = PBXProject;
			attributes = {
				LastSwiftUpdateCheck = 1130;
				LastUpgradeCheck = 1130;
				ORGANIZATIONNAME = "Gianmarco Giretti";
				TargetAttributes = {
					912358C6240FA95500E93D4F = {
						CreatedOnToolsVersion = 11.3.1;
					};
				};
			};
			buildConfigurationList = 912358C2240FA95500E93D4F /* Build configuration list for PBXProject "SwiftUI Harry Potter Info" */;
			compatibilityVersion = "Xcode 9.3";
			developmentRegion = en;
			hasScannedForEncodings = 0;
			knownRegions = (
				en,
				Base,
			);
			mainGroup = 912358BE240FA95500E93D4F;
			productRefGroup = 912358C8240FA95500E93D4F /* Products */;
			projectDirPath = "";
			projectRoot = "";
			targets = (
				912358C6240FA95500E93D4F /* SwiftUI Harry Potter Info */,
			);
		};
/* End PBXProject section */

/* Begin PBXResourcesBuildPhase section */
		912358C5240FA95500E93D4F /* Resources */ = {
			isa = PBXResourcesBuildPhase;
			buildActionMask = 2147483647;
			files = (
				9194E227240FCEA100263783 /* rooms.json in Resources */,
				912358D7240FA95B00E93D4F /* LaunchScreen.storyboard in Resources */,
				912358D4240FA95B00E93D4F /* Preview Assets.xcassets in Resources */,
				912358D1240FA95B00E93D4F /* Assets.xcassets in Resources */,
			);
			runOnlyForDeploymentPostprocessing = 0;
		};
/* End PBXResourcesBuildPhase section */

/* Begin PBXSourcesBuildPhase section */
		912358C3240FA95500E93D4F /* Sources */ = {
			isa = PBXSourcesBuildPhase;
			buildActionMask = 2147483647;
			files = (
				9194E22F24110F3200263783 /* RoomDetail.swift in Sources */,
				912358E3240FB51600E93D4F /* Room.swift in Sources */,
				912358E5240FB8EE00E93D4F /* AboudCode.md in Sources */,
				912358CB240FA95500E93D4F /* AppDelegate.swift in Sources */,
				912358EB240FC31C00E93D4F /* RoomItem.swift in Sources */,
				912358CD240FA95500E93D4F /* SceneDelegate.swift in Sources */,
				9194E22D2410802A00263783 /* RoomRow.swift in Sources */,
				912358CF240FA95500E93D4F /* ContentView.swift in Sources */,
				912358E1240FB46A00E93D4F /* Data.swift in Sources */,
			);
			runOnlyForDeploymentPostprocessing = 0;
		};
/* End PBXSourcesBuildPhase section */

/* Begin PBXVariantGroup section */
		912358D5240FA95B00E93D4F /* LaunchScreen.storyboard */ = {
			isa = PBXVariantGroup;
			children = (
				912358D6240FA95B00E93D4F /* Base */,
			);
			name = LaunchScreen.storyboard;
			sourceTree = "<group>";
		};
/* End PBXVariantGroup section */

/* Begin XCBuildConfiguration section */
		912358D9240FA95B00E93D4F /* Debug */ = {
			isa = XCBuildConfiguration;
			buildSettings = {
				ALWAYS_SEARCH_USER_PATHS = NO;
				CLANG_ANALYZER_NONNULL = YES;
				CLANG_ANALYZER_NUMBER_OBJECT_CONVERSION = YES_AGGRESSIVE;
				CLANG_CXX_LANGUAGE_STANDARD = "gnu++14";
				CLANG_CXX_LIBRARY = "libc++";
				CLANG_ENABLE_MODULES = YES;
				CLANG_ENABLE_OBJC_ARC = YES;
				CLANG_ENABLE_OBJC_WEAK = YES;
				CLANG_WARN_BLOCK_CAPTURE_AUTORELEASING = YES;
				CLANG_WARN_BOOL_CONVERSION = YES;
				CLANG_WARN_COMMA = YES;
				CLANG_WARN_CONSTANT_CONVERSION = YES;
				CLANG_WARN_DEPRECATED_OBJC_IMPLEMENTATIONS = YES;
				CLANG_WARN_DIRECT_OBJC_ISA_USAGE = YES_ERROR;
				CLANG_WARN_DOCUMENTATION_COMMENTS = YES;
				CLANG_WARN_EMPTY_BODY = YES;
				CLANG_WARN_ENUM_CONVERSION = YES;
				CLANG_WARN_INFINITE_RECURSION = YES;
				CLANG_WARN_INT_CONVERSION = YES;
				CLANG_WARN_NON_LITERAL_NULL_CONVERSION = YES;
				CLANG_WARN_OBJC_IMPLICIT_RETAIN_SELF = YES;
				CLANG_WARN_OBJC_LITERAL_CONVERSION = YES;
				CLANG_WARN_OBJC_ROOT_CLASS = YES_ERROR;
				CLANG_WARN_RANGE_LOOP_ANALYSIS = YES;
				CLANG_WARN_STRICT_PROTOTYPES = YES;
				CLANG_WARN_SUSPICIOUS_MOVE = YES;
				CLANG_WARN_UNGUARDED_AVAILABILITY = YES_AGGRESSIVE;
				CLANG_WARN_UNREACHABLE_CODE = YES;
				CLANG_WARN__DUPLICATE_METHOD_MATCH = YES;
				COPY_PHASE_STRIP = NO;
				DEBUG_INFORMATION_FORMAT = dwarf;
				ENABLE_STRICT_OBJC_MSGSEND = YES;
				ENABLE_TESTABILITY = YES;
				GCC_C_LANGUAGE_STANDARD = gnu11;
				GCC_DYNAMIC_NO_PIC = NO;
				GCC_NO_COMMON_BLOCKS = YES;
				GCC_OPTIMIZATION_LEVEL = 0;
				GCC_PREPROCESSOR_DEFINITIONS = (
					"DEBUG=1",
					"$(inherited)",
				);
				GCC_WARN_64_TO_32_BIT_CONVERSION = YES;
				GCC_WARN_ABOUT_RETURN_TYPE = YES_ERROR;
				GCC_WARN_UNDECLARED_SELECTOR = YES;
				GCC_WARN_UNINITIALIZED_AUTOS = YES_AGGRESSIVE;
				GCC_WARN_UNUSED_FUNCTION = YES;
				GCC_WARN_UNUSED_VARIABLE = YES;
				IPHONEOS_DEPLOYMENT_TARGET = 13.2;
				MTL_ENABLE_DEBUG_INFO = INCLUDE_SOURCE;
				MTL_FAST_MATH = YES;
				ONLY_ACTIVE_ARCH = YES;
				SDKROOT = iphoneos;
				SWIFT_ACTIVE_COMPILATION_CONDITIONS = DEBUG;
				SWIFT_OPTIMIZATION_LEVEL = "-Onone";
			};
			name = Debug;
		};
		912358DA240FA95B00E93D4F /* Release */ = {
			isa = XCBuildConfiguration;
			buildSettings = {
				ALWAYS_SEARCH_USER_PATHS = NO;
				CLANG_ANALYZER_NONNULL = YES;
				CLANG_ANALYZER_NUMBER_OBJECT_CONVERSION = YES_AGGRESSIVE;
				CLANG_CXX_LANGUAGE_STANDARD = "gnu++14";
				CLANG_CXX_LIBRARY = "libc++";
				CLANG_ENABLE_MODULES = YES;
				CLANG_ENABLE_OBJC_ARC = YES;
				CLANG_ENABLE_OBJC_WEAK = YES;
				CLANG_WARN_BLOCK_CAPTURE_AUTORELEASING = YES;
				CLANG_WARN_BOOL_CONVERSION = YES;
				CLANG_WARN_COMMA = YES;
				CLANG_WARN_CONSTANT_CONVERSION = YES;
				CLANG_WARN_DEPRECATED_OBJC_IMPLEMENTATIONS = YES;
				CLANG_WARN_DIRECT_OBJC_ISA_USAGE = YES_ERROR;
				CLANG_WARN_DOCUMENTATION_COMMENTS = YES;
				CLANG_WARN_EMPTY_BODY = YES;
				CLANG_WARN_ENUM_CONVERSION = YES;
				CLANG_WARN_INFINITE_RECURSION = YES;
				CLANG_WARN_INT_CONVERSION = YES;
				CLANG_WARN_NON_LITERAL_NULL_CONVERSION = YES;
				CLANG_WARN_OBJC_IMPLICIT_RETAIN_SELF = YES;
				CLANG_WARN_OBJC_LITERAL_CONVERSION = YES;
				CLANG_WARN_OBJC_ROOT_CLASS = YES_ERROR;
				CLANG_WARN_RANGE_LOOP_ANALYSIS = YES;
				CLANG_WARN_STRICT_PROTOTYPES = YES;
				CLANG_WARN_SUSPICIOUS_MOVE = YES;
				CLANG_WARN_UNGUARDED_AVAILABILITY = YES_AGGRESSIVE;
				CLANG_WARN_UNREACHABLE_CODE = YES;
				CLANG_WARN__DUPLICATE_METHOD_MATCH = YES;
				COPY_PHASE_STRIP = NO;
				DEBUG_INFORMATION_FORMAT = "dwarf-with-dsym";
				ENABLE_NS_ASSERTIONS = NO;
				ENABLE_STRICT_OBJC_MSGSEND = YES;
				GCC_C_LANGUAGE_STANDARD = gnu11;
				GCC_NO_COMMON_BLOCKS = YES;
				GCC_WARN_64_TO_32_BIT_CONVERSION = YES;
				GCC_WARN_ABOUT_RETURN_TYPE = YES_ERROR;
				GCC_WARN_UNDECLARED_SELECTOR = YES;
				GCC_WARN_UNINITIALIZED_AUTOS = YES_AGGRESSIVE;
				GCC_WARN_UNUSED_FUNCTION = YES;
				GCC_WARN_UNUSED_VARIABLE = YES;
				IPHONEOS_DEPLOYMENT_TARGET = 13.2;
				MTL_ENABLE_DEBUG_INFO = NO;
				MTL_FAST_MATH = YES;
				SDKROOT = iphoneos;
				SWIFT_COMPILATION_MODE = wholemodule;
				SWIFT_OPTIMIZATION_LEVEL = "-O";
				VALIDATE_PRODUCT = YES;
			};
			name = Release;
		};
		912358DC240FA95B00E93D4F /* Debug */ = {
			isa = XCBuildConfiguration;
			buildSettings = {
				ASSETCATALOG_COMPILER_APPICON_NAME = AppIcon;
				CODE_SIGN_STYLE = Automatic;
				DEVELOPMENT_ASSET_PATHS = "\"SwiftUI Harry Potter Info/Preview Content\"";
				DEVELOPMENT_TEAM = Z7868RGD4R;
				ENABLE_PREVIEWS = YES;
				INFOPLIST_FILE = "SwiftUI Harry Potter Info/Info.plist";
				LD_RUNPATH_SEARCH_PATHS = (
					"$(inherited)",
					"@executable_path/Frameworks",
				);
				PRODUCT_BUNDLE_IDENTIFIER = "Developer.SwiftUI-Harry-Potter-Info";
				PRODUCT_NAME = "$(TARGET_NAME)";
				SWIFT_VERSION = 5.0;
				TARGETED_DEVICE_FAMILY = "1,2";
			};
			name = Debug;
		};
		912358DD240FA95B00E93D4F /* Release */ = {
			isa = XCBuildConfiguration;
			buildSettings = {
				ASSETCATALOG_COMPILER_APPICON_NAME = AppIcon;
				CODE_SIGN_STYLE = Automatic;
				DEVELOPMENT_ASSET_PATHS = "\"SwiftUI Harry Potter Info/Preview Content\"";
				DEVELOPMENT_TEAM = Z7868RGD4R;
				ENABLE_PREVIEWS = YES;
				INFOPLIST_FILE = "SwiftUI Harry Potter Info/Info.plist";
				LD_RUNPATH_SEARCH_PATHS = (
					"$(inherited)",
					"@executable_path/Frameworks",
				);
				PRODUCT_BUNDLE_IDENTIFIER = "Developer.SwiftUI-Harry-Potter-Info";
				PRODUCT_NAME = "$(TARGET_NAME)";
				SWIFT_VERSION = 5.0;
				TARGETED_DEVICE_FAMILY = "1,2";
			};
			name = Release;
		};
/* End XCBuildConfiguration section */

/* Begin XCConfigurationList section */
		912358C2240FA95500E93D4F /* Build configuration list for PBXProject "SwiftUI Harry Potter Info" */ = {
			isa = XCConfigurationList;
			buildConfigurations = (
				912358D9240FA95B00E93D4F /* Debug */,
				912358DA240FA95B00E93D4F /* Release */,
			);
			defaultConfigurationIsVisible = 0;
			defaultConfigurationName = Release;
		};
		912358DB240FA95B00E93D4F /* Build configuration list for PBXNativeTarget "SwiftUI Harry Potter Info" */ = {
			isa = XCConfigurationList;
			buildConfigurations = (
				912358DC240FA95B00E93D4F /* Debug */,
				912358DD240FA95B00E93D4F /* Release */,
			);
			defaultConfigurationIsVisible = 0;
			defaultConfigurationName = Release;
		};
/* End XCConfigurationList section */
	};
	rootObject = 912358BF240FA95500E93D4F /* Project object */;
}
